
Microsoft Visual Studio Solution File, Format Version 12.00
# Visual Studio 15
VisualStudioVersion = 15.0.28010.2048
MinimumVisualStudioVersion = 10.0.40219.1
Project("{9A19103F-16F7-4668-BE54-9A1E7A4F7556}") = "pbrain-H2", "pbrain-H2\pbrain-H2.csproj", "{102E9302-3AA2-4B08-96F8-0CF05A90AE61}"
EndProject
Project("{9A19103F-16F7-4668-BE54-9A1E7A4F7556}") = "pbrain-H2.tests", "pbrain-H2.tests\pbrain-H2.tests.csproj", "{6D573418-9084-4588-9623-B7D1CD1A355C}"
EndProject
Project("{FAE04EC0-301F-11D3-BF4B-00C04F79EFBC}") = "PrefTest", "PrefTest\PrefTest.csproj", "{6F88E4A1-B84F-4F20-83F1-C23AFAA7AC27}"
EndProject
Global
	GlobalSection(SolutionConfigurationPlatforms) = preSolution
		Debug|Any CPU = Debug|Any CPU
		Release|Any CPU = Release|Any CPU
	EndGlobalSection
	GlobalSection(ProjectConfigurationPlatforms) = postSolution
		{102E9302-3AA2-4B08-96F8-0CF05A90AE61}.Debug|Any CPU.ActiveCfg = Debug|Any CPU
		{102E9302-3AA2-4B08-96F8-0CF05A90AE61}.Debug|Any CPU.Build.0 = Debug|Any CPU
		{102E9302-3AA2-4B08-96F8-0CF05A90AE61}.Release|Any CPU.ActiveCfg = Release|Any CPU
		{102E9302-3AA2-4B08-96F8-0CF05A90AE61}.Release|Any CPU.Build.0 = Release|Any CPU
		{6D573418-9084-4588-9623-B7D1CD1A355C}.Debug|Any CPU.ActiveCfg = Debug|Any CPU
		{6D573418-9084-4588-9623-B7D1CD1A355C}.Debug|Any CPU.Build.0 = Debug|Any CPU
		{6D573418-9084-4588-9623-B7D1CD1A355C}.Release|Any CPU.ActiveCfg = Release|Any CPU
		{6D573418-9084-4588-9623-B7D1CD1A355C}.Release|Any CPU.Build.0 = Release|Any CPU
		{6F88E4A1-B84F-4F20-83F1-C23AFAA7AC27}.Debug|Any CPU.ActiveCfg = Debug|Any CPU
		{6F88E4A1-B84F-4F20-83F1-C23AFAA7AC27}.Debug|Any CPU.Build.0 = Debug|Any CPU
		{6F88E4A1-B84F-4F20-83F1-C23AFAA7AC27}.Release|Any CPU.ActiveCfg = Release|Any CPU
		{6F88E4A1-B84F-4F20-83F1-C23AFAA7AC27}.Release|Any CPU.Build.0 = Release|Any CPU
	EndGlobalSection
	GlobalSection(SolutionProperties) = preSolution
		HideSolutionNode = FALSE
	EndGlobalSection
	GlobalSection(ExtensibilityGlobals) = postSolution
		SolutionGuid = {8B4F4580-D595-4643-A33E-57779341FD55}
	EndGlobalSection
	GlobalSection(Performance) = preSolution
		HasPerformanceSessions = true
	EndGlobalSection
	GlobalSection(Performance) = preSolution
		HasPerformanceSessions = true
	EndGlobalSection
EndGlobal
